
Microsoft Visual Studio Solution File, Format Version 12.00
# Visual Studio Version 17
VisualStudioVersion = 17.4.33205.214
MinimumVisualStudioVersion = 10.0.40219.1
Project("{FAE04EC0-301F-11D3-BF4B-00C04F79EFBC}") = "StudentAdminPortalAPI", "StudentAdminPortalAPI\StudentAdminPortalAPI.csproj", "{749801DA-ACB7-483C-A2CF-5A4C2F7A9197}"
EndProject
Global
	GlobalSection(SolutionConfigurationPlatforms) = preSolution
		Debug|Any CPU = Debug|Any CPU
		Release|Any CPU = Release|Any CPU
	EndGlobalSection
	GlobalSection(ProjectConfigurationPlatforms) = postSolution
		{749801DA-ACB7-483C-A2CF-5A4C2F7A9197}.Debug|Any CPU.ActiveCfg = Debug|Any CPU
		{749801DA-ACB7-483C-A2CF-5A4C2F7A9197}.Debug|Any CPU.Build.0 = Debug|Any CPU
		{749801DA-ACB7-483C-A2CF-5A4C2F7A9197}.Release|Any CPU.ActiveCfg = Release|Any CPU
		{749801DA-ACB7-483C-A2CF-5A4C2F7A9197}.Release|Any CPU.Build.0 = Release|Any CPU
	EndGlobalSection
	GlobalSection(SolutionProperties) = preSolution
		HideSolutionNode = FALSE
	EndGlobalSection
	GlobalSection(ExtensibilityGlobals) = postSolution
		SolutionGuid = {CCC57F7D-7823-4520-B2FF-0CA137C63030}
	EndGlobalSection
EndGlobal
